
Microsoft Visual Studio Solution File, Format Version 12.00
# Visual Studio 15
VisualStudioVersion = 15.0.28307.106
MinimumVisualStudioVersion = 10.0.40219.1
Project("{9A19103F-16F7-4668-BE54-9A1E7A4F7556}") = "SwirlTheoryApi", "SwirlTheoryApi\SwirlTheoryApi.csproj", "{F2701CDC-00EC-4162-B3CD-BE479B12A7FF}"
EndProject
Global
	GlobalSection(SolutionConfigurationPlatforms) = preSolution
		Debug|Any CPU = Debug|Any CPU
		Release|Any CPU = Release|Any CPU
	EndGlobalSection
	GlobalSection(ProjectConfigurationPlatforms) = postSolution
		{F2701CDC-00EC-4162-B3CD-BE479B12A7FF}.Debug|Any CPU.ActiveCfg = Debug|Any CPU
		{F2701CDC-00EC-4162-B3CD-BE479B12A7FF}.Debug|Any CPU.Build.0 = Debug|Any CPU
		{F2701CDC-00EC-4162-B3CD-BE479B12A7FF}.Release|Any CPU.ActiveCfg = Release|Any CPU
		{F2701CDC-00EC-4162-B3CD-BE479B12A7FF}.Release|Any CPU.Build.0 = Release|Any CPU
	EndGlobalSection
	GlobalSection(SolutionProperties) = preSolution
		HideSolutionNode = FALSE
	EndGlobalSection
	GlobalSection(ExtensibilityGlobals) = postSolution
		SolutionGuid = {EFB48C9D-21A0-4A0B-A814-775F3D55BC38}
	EndGlobalSection
EndGlobal
